// !$*UTF8*$!
{
	archiveVersion = 1;
	classes = {
	};
	objectVersion = 46;
	objects = {

/* Begin PBXBuildFile section */
		1A86125019F841BA00D8C01B /* GhPlaceholder.png in Resources */ = {isa = PBXBuildFile; fileRef = 1A86124E19F841BA00D8C01B /* GhPlaceholder.png */; };
		1A86125319F8628200D8C01B /* Map Icon.png in Resources */ = {isa = PBXBuildFile; fileRef = 1A86125119F8628200D8C01B /* Map Icon.png */; };
		1A86125419F8628200D8C01B /* Phone Icon.png in Resources */ = {isa = PBXBuildFile; fileRef = 1A86125219F8628200D8C01B /* Phone Icon.png */; };
		1A86125719F8635300D8C01B /* CMUmapicon.png in Resources */ = {isa = PBXBuildFile; fileRef = 1A86125519F8635300D8C01B /* CMUmapicon.png */; };
		1A86125819F8635300D8C01B /* CMUphone.png in Resources */ = {isa = PBXBuildFile; fileRef = 1A86125619F8635300D8C01B /* CMUphone.png */; };
		1A86126619F9917300D8C01B /* CNPPopupController.m in Sources */ = {isa = PBXBuildFile; fileRef = 1A86126519F9917300D8C01B /* CNPPopupController.m */; };
		1A86126819FA829C00D8C01B /* DealView.png in Resources */ = {isa = PBXBuildFile; fileRef = 1A86126719FA829C00D8C01B /* DealView.png */; };
		1A86127019FA8DCE00D8C01B /* RedeemButton@2x.png in Resources */ = {isa = PBXBuildFile; fileRef = 1A86126F19FA8DCE00D8C01B /* RedeemButton@2x.png */; };
		1A86127319FA964700D8C01B /* InitialViewController.m in Sources */ = {isa = PBXBuildFile; fileRef = 1A86127219FA964700D8C01B /* InitialViewController.m */; };
		1A86127B19FAD83B00D8C01B /* TableCellFade.png in Resources */ = {isa = PBXBuildFile; fileRef = 1A86127A19FAD83B00D8C01B /* TableCellFade.png */; };
		1A86128319FAE52C00D8C01B /* DealSmiley@2x.png in Resources */ = {isa = PBXBuildFile; fileRef = 1A86128219FAE52B00D8C01B /* DealSmiley@2x.png */; };
		1A86128719FB022100D8C01B /* whiteStar@2x.png in Resources */ = {isa = PBXBuildFile; fileRef = 1A86128619FB022100D8C01B /* whiteStar@2x.png */; };
		1ABA703919F4415300FA5272 /* main.m in Sources */ = {isa = PBXBuildFile; fileRef = 1ABA703819F4415300FA5272 /* main.m */; };
		1ABA703C19F4415300FA5272 /* AppDelegate.m in Sources */ = {isa = PBXBuildFile; fileRef = 1ABA703B19F4415300FA5272 /* AppDelegate.m */; };
		1ABA704519F4415300FA5272 /* Main.storyboard in Resources */ = {isa = PBXBuildFile; fileRef = 1ABA704319F4415300FA5272 /* Main.storyboard */; };
		1ABA704719F4415300FA5272 /* Images.xcassets in Resources */ = {isa = PBXBuildFile; fileRef = 1ABA704619F4415300FA5272 /* Images.xcassets */; };
		1ABA704A19F4415300FA5272 /* LaunchScreen.xib in Resources */ = {isa = PBXBuildFile; fileRef = 1ABA704819F4415300FA5272 /* LaunchScreen.xib */; };
		1ABA705619F4415400FA5272 /* GrubhuntTests.m in Sources */ = {isa = PBXBuildFile; fileRef = 1ABA705519F4415400FA5272 /* GrubhuntTests.m */; };
		1ABA706119F4425400FA5272 /* Bolts.framework in Frameworks */ = {isa = PBXBuildFile; fileRef = 1ABA706019F4425400FA5272 /* Bolts.framework */; };
		1ABA706319F4426000FA5272 /* Parse.framework in Frameworks */ = {isa = PBXBuildFile; fileRef = 1ABA706219F4426000FA5272 /* Parse.framework */; };
		1ABA706E19F443CC00FA5272 /* AudioToolbox.framework in Frameworks */ = {isa = PBXBuildFile; fileRef = 1ABA706419F443CC00FA5272 /* AudioToolbox.framework */; };
		1ABA706F19F443CC00FA5272 /* CFNetwork.framework in Frameworks */ = {isa = PBXBuildFile; fileRef = 1ABA706519F443CC00FA5272 /* CFNetwork.framework */; };
		1ABA707019F443CC00FA5272 /* CoreGraphics.framework in Frameworks */ = {isa = PBXBuildFile; fileRef = 1ABA706619F443CC00FA5272 /* CoreGraphics.framework */; };
		1ABA707119F443CC00FA5272 /* CoreLocation.framework in Frameworks */ = {isa = PBXBuildFile; fileRef = 1ABA706719F443CC00FA5272 /* CoreLocation.framework */; };
		1ABA707219F443CC00FA5272 /* libz.dylib in Frameworks */ = {isa = PBXBuildFile; fileRef = 1ABA706819F443CC00FA5272 /* libz.dylib */; };
		1ABA707319F443CC00FA5272 /* MobileCoreServices.framework in Frameworks */ = {isa = PBXBuildFile; fileRef = 1ABA706919F443CC00FA5272 /* MobileCoreServices.framework */; };
		1ABA707419F443CC00FA5272 /* QuartzCore.framework in Frameworks */ = {isa = PBXBuildFile; fileRef = 1ABA706A19F443CC00FA5272 /* QuartzCore.framework */; };
		1ABA707519F443CC00FA5272 /* Security.framework in Frameworks */ = {isa = PBXBuildFile; fileRef = 1ABA706B19F443CC00FA5272 /* Security.framework */; };
		1ABA707619F443CC00FA5272 /* StoreKit.framework in Frameworks */ = {isa = PBXBuildFile; fileRef = 1ABA706C19F443CC00FA5272 /* StoreKit.framework */; };
		1ABA707719F443CC00FA5272 /* SystemConfiguration.framework in Frameworks */ = {isa = PBXBuildFile; fileRef = 1ABA706D19F443CC00FA5272 /* SystemConfiguration.framework */; };
		1ABA707A19F44B8F00FA5272 /* Deal.m in Sources */ = {isa = PBXBuildFile; fileRef = 1ABA707919F44B8F00FA5272 /* Deal.m */; };
		1ABA707D19F44BEA00FA5272 /* DealTableCell.m in Sources */ = {isa = PBXBuildFile; fileRef = 1ABA707C19F44BEA00FA5272 /* DealTableCell.m */; };
		1ABA708019F44C2900FA5272 /* DealTableViewController.m in Sources */ = {isa = PBXBuildFile; fileRef = 1ABA707F19F44C2900FA5272 /* DealTableViewController.m */; };
		1ABA708319F454AC00FA5272 /* DealioTableCell.png in Resources */ = {isa = PBXBuildFile; fileRef = 1ABA708219F454AC00FA5272 /* DealioTableCell.png */; };
		1ABA708619F4666C00FA5272 /* DealDetailViewController.m in Sources */ = {isa = PBXBuildFile; fileRef = 1ABA708519F4666C00FA5272 /* DealDetailViewController.m */; };
/* End PBXBuildFile section */

/* Begin PBXContainerItemProxy section */
		1ABA705019F4415400FA5272 /* PBXContainerItemProxy */ = {
			isa = PBXContainerItemProxy;
			containerPortal = 1ABA702B19F4415300FA5272 /* Project object */;
			proxyType = 1;
			remoteGlobalIDString = 1ABA703219F4415300FA5272;
			remoteInfo = Grubhunt;
		};
/* End PBXContainerItemProxy section */

/* Begin PBXFileReference section */
		1A86124E19F841BA00D8C01B /* GhPlaceholder.png */ = {isa = PBXFileReference; lastKnownFileType = image.png; path = GhPlaceholder.png; sourceTree = "<group>"; };
		1A86125119F8628200D8C01B /* Map Icon.png */ = {isa = PBXFileReference; lastKnownFileType = image.png; path = "Map Icon.png"; sourceTree = "<group>"; };
		1A86125219F8628200D8C01B /* Phone Icon.png */ = {isa = PBXFileReference; lastKnownFileType = image.png; path = "Phone Icon.png"; sourceTree = "<group>"; };
		1A86125519F8635300D8C01B /* CMUmapicon.png */ = {isa = PBXFileReference; lastKnownFileType = image.png; path = CMUmapicon.png; sourceTree = "<group>"; };
		1A86125619F8635300D8C01B /* CMUphone.png */ = {isa = PBXFileReference; lastKnownFileType = image.png; path = CMUphone.png; sourceTree = "<group>"; };
		1A86126419F9917300D8C01B /* CNPPopupController.h */ = {isa = PBXFileReference; fileEncoding = 4; lastKnownFileType = sourcecode.c.h; path = CNPPopupController.h; sourceTree = "<group>"; };
		1A86126519F9917300D8C01B /* CNPPopupController.m */ = {isa = PBXFileReference; fileEncoding = 4; lastKnownFileType = sourcecode.c.objc; path = CNPPopupController.m; sourceTree = "<group>"; };
		1A86126719FA829C00D8C01B /* DealView.png */ = {isa = PBXFileReference; lastKnownFileType = image.png; path = DealView.png; sourceTree = "<group>"; };
		1A86126F19FA8DCE00D8C01B /* RedeemButton@2x.png */ = {isa = PBXFileReference; lastKnownFileType = image.png; path = "RedeemButton@2x.png"; sourceTree = "<group>"; };
		1A86127119FA964700D8C01B /* InitialViewController.h */ = {isa = PBXFileReference; fileEncoding = 4; lastKnownFileType = sourcecode.c.h; path = InitialViewController.h; sourceTree = "<group>"; };
		1A86127219FA964700D8C01B /* InitialViewController.m */ = {isa = PBXFileReference; fileEncoding = 4; lastKnownFileType = sourcecode.c.objc; path = InitialViewController.m; sourceTree = "<group>"; };
		1A86127A19FAD83B00D8C01B /* TableCellFade.png */ = {isa = PBXFileReference; lastKnownFileType = image.png; path = TableCellFade.png; sourceTree = "<group>"; };
		1A86128219FAE52B00D8C01B /* DealSmiley@2x.png */ = {isa = PBXFileReference; lastKnownFileType = image.png; path = "DealSmiley@2x.png"; sourceTree = "<group>"; };
		1A86128619FB022100D8C01B /* whiteStar@2x.png */ = {isa = PBXFileReference; lastKnownFileType = image.png; path = "whiteStar@2x.png"; sourceTree = "<group>"; };
		1ABA703319F4415300FA5272 /* Grubhunt.app */ = {isa = PBXFileReference; explicitFileType = wrapper.application; includeInIndex = 0; path = Grubhunt.app; sourceTree = BUILT_PRODUCTS_DIR; };
		1ABA703719F4415300FA5272 /* Info.plist */ = {isa = PBXFileReference; lastKnownFileType = text.plist.xml; path = Info.plist; sourceTree = "<group>"; };
		1ABA703819F4415300FA5272 /* main.m */ = {isa = PBXFileReference; lastKnownFileType = sourcecode.c.objc; path = main.m; sourceTree = "<group>"; };
		1ABA703A19F4415300FA5272 /* AppDelegate.h */ = {isa = PBXFileReference; lastKnownFileType = sourcecode.c.h; path = AppDelegate.h; sourceTree = "<group>"; };
		1ABA703B19F4415300FA5272 /* AppDelegate.m */ = {isa = PBXFileReference; lastKnownFileType = sourcecode.c.objc; path = AppDelegate.m; sourceTree = "<group>"; };
		1ABA704419F4415300FA5272 /* Base */ = {isa = PBXFileReference; lastKnownFileType = file.storyboard; name = Base; path = Base.lproj/Main.storyboard; sourceTree = "<group>"; };
		1ABA704619F4415300FA5272 /* Images.xcassets */ = {isa = PBXFileReference; lastKnownFileType = folder.assetcatalog; path = Images.xcassets; sourceTree = "<group>"; };
		1ABA704919F4415300FA5272 /* Base */ = {isa = PBXFileReference; lastKnownFileType = file.xib; name = Base; path = Base.lproj/LaunchScreen.xib; sourceTree = "<group>"; };
		1ABA704F19F4415400FA5272 /* GrubhuntTests.xctest */ = {isa = PBXFileReference; explicitFileType = wrapper.cfbundle; includeInIndex = 0; path = GrubhuntTests.xctest; sourceTree = BUILT_PRODUCTS_DIR; };
		1ABA705419F4415400FA5272 /* Info.plist */ = {isa = PBXFileReference; lastKnownFileType = text.plist.xml; path = Info.plist; sourceTree = "<group>"; };
		1ABA705519F4415400FA5272 /* GrubhuntTests.m */ = {isa = PBXFileReference; lastKnownFileType = sourcecode.c.objc; path = GrubhuntTests.m; sourceTree = "<group>"; };
		1ABA706019F4425400FA5272 /* Bolts.framework */ = {isa = PBXFileReference; lastKnownFileType = wrapper.framework; path = Bolts.framework; sourceTree = "<group>"; };
		1ABA706219F4426000FA5272 /* Parse.framework */ = {isa = PBXFileReference; lastKnownFileType = wrapper.framework; path = Parse.framework; sourceTree = "<group>"; };
		1ABA706419F443CC00FA5272 /* AudioToolbox.framework */ = {isa = PBXFileReference; lastKnownFileType = wrapper.framework; name = AudioToolbox.framework; path = System/Library/Frameworks/AudioToolbox.framework; sourceTree = SDKROOT; };
		1ABA706519F443CC00FA5272 /* CFNetwork.framework */ = {isa = PBXFileReference; lastKnownFileType = wrapper.framework; name = CFNetwork.framework; path = System/Library/Frameworks/CFNetwork.framework; sourceTree = SDKROOT; };
		1ABA706619F443CC00FA5272 /* CoreGraphics.framework */ = {isa = PBXFileReference; lastKnownFileType = wrapper.framework; name = CoreGraphics.framework; path = System/Library/Frameworks/CoreGraphics.framework; sourceTree = SDKROOT; };
		1ABA706719F443CC00FA5272 /* CoreLocation.framework */ = {isa = PBXFileReference; lastKnownFileType = wrapper.framework; name = CoreLocation.framework; path = System/Library/Frameworks/CoreLocation.framework; sourceTree = SDKROOT; };
		1ABA706819F443CC00FA5272 /* libz.dylib */ = {isa = PBXFileReference; lastKnownFileType = "compiled.mach-o.dylib"; name = libz.dylib; path = usr/lib/libz.dylib; sourceTree = SDKROOT; };
		1ABA706919F443CC00FA5272 /* MobileCoreServices.framework */ = {isa = PBXFileReference; lastKnownFileType = wrapper.framework; name = MobileCoreServices.framework; path = System/Library/Frameworks/MobileCoreServices.framework; sourceTree = SDKROOT; };
		1ABA706A19F443CC00FA5272 /* QuartzCore.framework */ = {isa = PBXFileReference; lastKnownFileType = wrapper.framework; name = QuartzCore.framework; path = System/Library/Frameworks/QuartzCore.framework; sourceTree = SDKROOT; };
		1ABA706B19F443CC00FA5272 /* Security.framework */ = {isa = PBXFileReference; lastKnownFileType = wrapper.framework; name = Security.framework; path = System/Library/Frameworks/Security.framework; sourceTree = SDKROOT; };
		1ABA706C19F443CC00FA5272 /* StoreKit.framework */ = {isa = PBXFileReference; lastKnownFileType = wrapper.framework; name = StoreKit.framework; path = System/Library/Frameworks/StoreKit.framework; sourceTree = SDKROOT; };
		1ABA706D19F443CC00FA5272 /* SystemConfiguration.framework */ = {isa = PBXFileReference; lastKnownFileType = wrapper.framework; name = SystemConfiguration.framework; path = System/Library/Frameworks/SystemConfiguration.framework; sourceTree = SDKROOT; };
		1ABA707819F44B8F00FA5272 /* Deal.h */ = {isa = PBXFileReference; fileEncoding = 4; lastKnownFileType = sourcecode.c.h; path = Deal.h; sourceTree = "<group>"; };
		1ABA707919F44B8F00FA5272 /* Deal.m */ = {isa = PBXFileReference; fileEncoding = 4; lastKnownFileType = sourcecode.c.objc; path = Deal.m; sourceTree = "<group>"; };
		1ABA707B19F44BEA00FA5272 /* DealTableCell.h */ = {isa = PBXFileReference; fileEncoding = 4; lastKnownFileType = sourcecode.c.h; path = DealTableCell.h; sourceTree = "<group>"; };
		1ABA707C19F44BEA00FA5272 /* DealTableCell.m */ = {isa = PBXFileReference; fileEncoding = 4; lastKnownFileType = sourcecode.c.objc; path = DealTableCell.m; sourceTree = "<group>"; };
		1ABA707E19F44C2900FA5272 /* DealTableViewController.h */ = {isa = PBXFileReference; fileEncoding = 4; lastKnownFileType = sourcecode.c.h; path = DealTableViewController.h; sourceTree = "<group>"; };
		1ABA707F19F44C2900FA5272 /* DealTableViewController.m */ = {isa = PBXFileReference; fileEncoding = 4; lastKnownFileType = sourcecode.c.objc; path = DealTableViewController.m; sourceTree = "<group>"; };
		1ABA708219F454AC00FA5272 /* DealioTableCell.png */ = {isa = PBXFileReference; lastKnownFileType = image.png; path = DealioTableCell.png; sourceTree = "<group>"; };
		1ABA708419F4666C00FA5272 /* DealDetailViewController.h */ = {isa = PBXFileReference; fileEncoding = 4; lastKnownFileType = sourcecode.c.h; path = DealDetailViewController.h; sourceTree = "<group>"; };
		1ABA708519F4666C00FA5272 /* DealDetailViewController.m */ = {isa = PBXFileReference; fileEncoding = 4; lastKnownFileType = sourcecode.c.objc; path = DealDetailViewController.m; sourceTree = "<group>"; };
/* End PBXFileReference section */

/* Begin PBXFrameworksBuildPhase section */
		1ABA703019F4415300FA5272 /* Frameworks */ = {
			isa = PBXFrameworksBuildPhase;
			buildActionMask = 2147483647;
			files = (
				1ABA706E19F443CC00FA5272 /* AudioToolbox.framework in Frameworks */,
				1ABA706F19F443CC00FA5272 /* CFNetwork.framework in Frameworks */,
				1ABA707019F443CC00FA5272 /* CoreGraphics.framework in Frameworks */,
				1ABA707119F443CC00FA5272 /* CoreLocation.framework in Frameworks */,
				1ABA707219F443CC00FA5272 /* libz.dylib in Frameworks */,
				1ABA707319F443CC00FA5272 /* MobileCoreServices.framework in Frameworks */,
				1ABA707419F443CC00FA5272 /* QuartzCore.framework in Frameworks */,
				1ABA707519F443CC00FA5272 /* Security.framework in Frameworks */,
				1ABA707619F443CC00FA5272 /* StoreKit.framework in Frameworks */,
				1ABA707719F443CC00FA5272 /* SystemConfiguration.framework in Frameworks */,
				1ABA706319F4426000FA5272 /* Parse.framework in Frameworks */,
				1ABA706119F4425400FA5272 /* Bolts.framework in Frameworks */,
			);
			runOnlyForDeploymentPostprocessing = 0;
		};
		1ABA704C19F4415400FA5272 /* Frameworks */ = {
			isa = PBXFrameworksBuildPhase;
			buildActionMask = 2147483647;
			files = (
			);
			runOnlyForDeploymentPostprocessing = 0;
		};
/* End PBXFrameworksBuildPhase section */

/* Begin PBXGroup section */
		1A86126319F9917300D8C01B /* CNPPopupController */ = {
			isa = PBXGroup;
			children = (
				1A86126419F9917300D8C01B /* CNPPopupController.h */,
				1A86126519F9917300D8C01B /* CNPPopupController.m */,
			);
			path = CNPPopupController;
			sourceTree = "<group>";
		};
		1A908F5819F6DCB70011C0D3 /* Libraries */ = {
			isa = PBXGroup;
			children = (
				1A86126319F9917300D8C01B /* CNPPopupController */,
			);
			name = Libraries;
			path = Grubhunt;
			sourceTree = "<group>";
		};
		1ABA702A19F4415300FA5272 = {
			isa = PBXGroup;
			children = (
				1ABA703519F4415300FA5272 /* Grubhunt */,
				1ABA705219F4415400FA5272 /* GrubhuntTests */,
				1ABA703419F4415300FA5272 /* Products */,
				1ABA705F19F4424500FA5272 /* Frameworks */,
				1A908F5819F6DCB70011C0D3 /* Libraries */,
			);
			sourceTree = "<group>";
		};
		1ABA703419F4415300FA5272 /* Products */ = {
			isa = PBXGroup;
			children = (
				1ABA703319F4415300FA5272 /* Grubhunt.app */,
				1ABA704F19F4415400FA5272 /* GrubhuntTests.xctest */,
			);
			name = Products;
			sourceTree = "<group>";
		};
		1ABA703519F4415300FA5272 /* Grubhunt */ = {
			isa = PBXGroup;
			children = (
				1ABA703A19F4415300FA5272 /* AppDelegate.h */,
				1ABA703B19F4415300FA5272 /* AppDelegate.m */,
				1ABA704319F4415300FA5272 /* Main.storyboard */,
				1A86127119FA964700D8C01B /* InitialViewController.h */,
				1A86127219FA964700D8C01B /* InitialViewController.m */,
				1ABA708119F453D500FA5272 /* Deals */,
				1AEFCA9A19F5C9090067BAFE /* Images */,
				1ABA704619F4415300FA5272 /* Images.xcassets */,
				1ABA704819F4415300FA5272 /* LaunchScreen.xib */,
				1ABA703619F4415300FA5272 /* Supporting Files */,
			);
			path = Grubhunt;
			sourceTree = "<group>";
		};
		1ABA703619F4415300FA5272 /* Supporting Files */ = {
			isa = PBXGroup;
			children = (
				1ABA708219F454AC00FA5272 /* DealioTableCell.png */,
				1ABA703719F4415300FA5272 /* Info.plist */,
				1ABA703819F4415300FA5272 /* main.m */,
			);
			name = "Supporting Files";
			sourceTree = "<group>";
		};
		1ABA705219F4415400FA5272 /* GrubhuntTests */ = {
			isa = PBXGroup;
			children = (
				1ABA705519F4415400FA5272 /* GrubhuntTests.m */,
				1ABA705319F4415400FA5272 /* Supporting Files */,
			);
			path = GrubhuntTests;
			sourceTree = "<group>";
		};
		1ABA705319F4415400FA5272 /* Supporting Files */ = {
			isa = PBXGroup;
			children = (
				1ABA705419F4415400FA5272 /* Info.plist */,
			);
			name = "Supporting Files";
			sourceTree = "<group>";
		};
		1ABA705F19F4424500FA5272 /* Frameworks */ = {
			isa = PBXGroup;
			children = (
				1ABA706419F443CC00FA5272 /* AudioToolbox.framework */,
				1ABA706519F443CC00FA5272 /* CFNetwork.framework */,
				1ABA706619F443CC00FA5272 /* CoreGraphics.framework */,
				1ABA706719F443CC00FA5272 /* CoreLocation.framework */,
				1ABA706819F443CC00FA5272 /* libz.dylib */,
				1ABA706919F443CC00FA5272 /* MobileCoreServices.framework */,
				1ABA706A19F443CC00FA5272 /* QuartzCore.framework */,
				1ABA706B19F443CC00FA5272 /* Security.framework */,
				1ABA706C19F443CC00FA5272 /* StoreKit.framework */,
				1ABA706D19F443CC00FA5272 /* SystemConfiguration.framework */,
				1ABA706219F4426000FA5272 /* Parse.framework */,
				1ABA706019F4425400FA5272 /* Bolts.framework */,
			);
			name = Frameworks;
			path = Grubhunt;
			sourceTree = "<group>";
		};
		1ABA708119F453D500FA5272 /* Deals */ = {
			isa = PBXGroup;
			children = (
				1ABA707819F44B8F00FA5272 /* Deal.h */,
				1ABA707919F44B8F00FA5272 /* Deal.m */,
				1ABA707B19F44BEA00FA5272 /* DealTableCell.h */,
				1ABA707C19F44BEA00FA5272 /* DealTableCell.m */,
				1ABA707E19F44C2900FA5272 /* DealTableViewController.h */,
				1ABA707F19F44C2900FA5272 /* DealTableViewController.m */,
				1ABA708419F4666C00FA5272 /* DealDetailViewController.h */,
				1ABA708519F4666C00FA5272 /* DealDetailViewController.m */,
			);
			name = Deals;
			sourceTree = "<group>";
		};
		1AEFCA9A19F5C9090067BAFE /* Images */ = {
			isa = PBXGroup;
			children = (
				1A86128619FB022100D8C01B /* whiteStar@2x.png */,
				1A86128219FAE52B00D8C01B /* DealSmiley@2x.png */,
				1A86127A19FAD83B00D8C01B /* TableCellFade.png */,
				1A86126F19FA8DCE00D8C01B /* RedeemButton@2x.png */,
				1A86126719FA829C00D8C01B /* DealView.png */,
				1A86125519F8635300D8C01B /* CMUmapicon.png */,
				1A86125619F8635300D8C01B /* CMUphone.png */,
				1A86125119F8628200D8C01B /* Map Icon.png */,
				1A86125219F8628200D8C01B /* Phone Icon.png */,
				1A86124E19F841BA00D8C01B /* GhPlaceholder.png */,
			);
			name = Images;
			sourceTree = "<group>";
		};
/* End PBXGroup section */

/* Begin PBXNativeTarget section */
		1ABA703219F4415300FA5272 /* Grubhunt */ = {
			isa = PBXNativeTarget;
			buildConfigurationList = 1ABA705919F4415400FA5272 /* Build configuration list for PBXNativeTarget "Grubhunt" */;
			buildPhases = (
				1ABA702F19F4415300FA5272 /* Sources */,
				1ABA703019F4415300FA5272 /* Frameworks */,
				1ABA703119F4415300FA5272 /* Resources */,
			);
			buildRules = (
			);
			dependencies = (
			);
			name = Grubhunt;
			productName = Grubhunt;
			productReference = 1ABA703319F4415300FA5272 /* Grubhunt.app */;
			productType = "com.apple.product-type.application";
		};
		1ABA704E19F4415400FA5272 /* GrubhuntTests */ = {
			isa = PBXNativeTarget;
			buildConfigurationList = 1ABA705C19F4415400FA5272 /* Build configuration list for PBXNativeTarget "GrubhuntTests" */;
			buildPhases = (
				1ABA704B19F4415400FA5272 /* Sources */,
				1ABA704C19F4415400FA5272 /* Frameworks */,
				1ABA704D19F4415400FA5272 /* Resources */,
			);
			buildRules = (
			);
			dependencies = (
				1ABA705119F4415400FA5272 /* PBXTargetDependency */,
			);
			name = GrubhuntTests;
			productName = GrubhuntTests;
			productReference = 1ABA704F19F4415400FA5272 /* GrubhuntTests.xctest */;
			productType = "com.apple.product-type.bundle.unit-test";
		};
/* End PBXNativeTarget section */

/* Begin PBXProject section */
		1ABA702B19F4415300FA5272 /* Project object */ = {
			isa = PBXProject;
			attributes = {
				LastUpgradeCheck = 0600;
				ORGANIZATIONNAME = "Level Labs";
				TargetAttributes = {
					1ABA703219F4415300FA5272 = {
						CreatedOnToolsVersion = 6.0.1;
					};
					1ABA704E19F4415400FA5272 = {
						CreatedOnToolsVersion = 6.0.1;
						TestTargetID = 1ABA703219F4415300FA5272;
					};
				};
			};
			buildConfigurationList = 1ABA702E19F4415300FA5272 /* Build configuration list for PBXProject "Grubhunt" */;
			compatibilityVersion = "Xcode 3.2";
			developmentRegion = English;
			hasScannedForEncodings = 0;
			knownRegions = (
				en,
				Base,
			);
			mainGroup = 1ABA702A19F4415300FA5272;
			productRefGroup = 1ABA703419F4415300FA5272 /* Products */;
			projectDirPath = "";
			projectRoot = "";
			targets = (
				1ABA703219F4415300FA5272 /* Grubhunt */,
				1ABA704E19F4415400FA5272 /* GrubhuntTests */,
			);
		};
/* End PBXProject section */

/* Begin PBXResourcesBuildPhase section */
		1ABA703119F4415300FA5272 /* Resources */ = {
			isa = PBXResourcesBuildPhase;
			buildActionMask = 2147483647;
			files = (
				1A86125819F8635300D8C01B /* CMUphone.png in Resources */,
				1ABA708319F454AC00FA5272 /* DealioTableCell.png in Resources */,
				1ABA704519F4415300FA5272 /* Main.storyboard in Resources */,
				1A86125019F841BA00D8C01B /* GhPlaceholder.png in Resources */,
				1A86128319FAE52C00D8C01B /* DealSmiley@2x.png in Resources */,
				1A86127019FA8DCE00D8C01B /* RedeemButton@2x.png in Resources */,
				1ABA704A19F4415300FA5272 /* LaunchScreen.xib in Resources */,
				1A86125319F8628200D8C01B /* Map Icon.png in Resources */,
				1A86126819FA829C00D8C01B /* DealView.png in Resources */,
				1A86125719F8635300D8C01B /* CMUmapicon.png in Resources */,
				1ABA704719F4415300FA5272 /* Images.xcassets in Resources */,
				1A86127B19FAD83B00D8C01B /* TableCellFade.png in Resources */,
				1A86128719FB022100D8C01B /* whiteStar@2x.png in Resources */,
				1A86125419F8628200D8C01B /* Phone Icon.png in Resources */,
			);
			runOnlyForDeploymentPostprocessing = 0;
		};
		1ABA704D19F4415400FA5272 /* Resources */ = {
			isa = PBXResourcesBuildPhase;
			buildActionMask = 2147483647;
			files = (
			);
			runOnlyForDeploymentPostprocessing = 0;
		};
/* End PBXResourcesBuildPhase section */

/* Begin PBXSourcesBuildPhase section */
		1ABA702F19F4415300FA5272 /* Sources */ = {
			isa = PBXSourcesBuildPhase;
			buildActionMask = 2147483647;
			files = (
				1ABA707D19F44BEA00FA5272 /* DealTableCell.m in Sources */,
				1A86126619F9917300D8C01B /* CNPPopupController.m in Sources */,
				1ABA708619F4666C00FA5272 /* DealDetailViewController.m in Sources */,
				1A86127319FA964700D8C01B /* InitialViewController.m in Sources */,
				1ABA703C19F4415300FA5272 /* AppDelegate.m in Sources */,
				1ABA708019F44C2900FA5272 /* DealTableViewController.m in Sources */,
				1ABA707A19F44B8F00FA5272 /* Deal.m in Sources */,
				1ABA703919F4415300FA5272 /* main.m in Sources */,
			);
			runOnlyForDeploymentPostprocessing = 0;
		};
		1ABA704B19F4415400FA5272 /* Sources */ = {
			isa = PBXSourcesBuildPhase;
			buildActionMask = 2147483647;
			files = (
				1ABA705619F4415400FA5272 /* GrubhuntTests.m in Sources */,
			);
			runOnlyForDeploymentPostprocessing = 0;
		};
/* End PBXSourcesBuildPhase section */

/* Begin PBXTargetDependency section */
		1ABA705119F4415400FA5272 /* PBXTargetDependency */ = {
			isa = PBXTargetDependency;
			target = 1ABA703219F4415300FA5272 /* Grubhunt */;
			targetProxy = 1ABA705019F4415400FA5272 /* PBXContainerItemProxy */;
		};
/* End PBXTargetDependency section */

/* Begin PBXVariantGroup section */
		1ABA704319F4415300FA5272 /* Main.storyboard */ = {
			isa = PBXVariantGroup;
			children = (
				1ABA704419F4415300FA5272 /* Base */,
			);
			name = Main.storyboard;
			sourceTree = "<group>";
		};
		1ABA704819F4415300FA5272 /* LaunchScreen.xib */ = {
			isa = PBXVariantGroup;
			children = (
				1ABA704919F4415300FA5272 /* Base */,
			);
			name = LaunchScreen.xib;
			sourceTree = "<group>";
		};
/* End PBXVariantGroup section */

/* Begin XCBuildConfiguration section */
		1ABA705719F4415400FA5272 /* Debug */ = {
			isa = XCBuildConfiguration;
			buildSettings = {
				ALWAYS_SEARCH_USER_PATHS = NO;
				CLANG_CXX_LANGUAGE_STANDARD = "gnu++0x";
				CLANG_CXX_LIBRARY = "libc++";
				CLANG_ENABLE_MODULES = YES;
				CLANG_ENABLE_OBJC_ARC = YES;
				CLANG_WARN_BOOL_CONVERSION = YES;
				CLANG_WARN_CONSTANT_CONVERSION = YES;
				CLANG_WARN_DIRECT_OBJC_ISA_USAGE = YES_ERROR;
				CLANG_WARN_EMPTY_BODY = YES;
				CLANG_WARN_ENUM_CONVERSION = YES;
				CLANG_WARN_INT_CONVERSION = YES;
				CLANG_WARN_OBJC_ROOT_CLASS = YES_ERROR;
				CLANG_WARN_UNREACHABLE_CODE = YES;
				CLANG_WARN__DUPLICATE_METHOD_MATCH = YES;
				"CODE_SIGN_IDENTITY[sdk=iphoneos*]" = "iPhone Developer";
				COPY_PHASE_STRIP = NO;
				ENABLE_STRICT_OBJC_MSGSEND = YES;
				GCC_C_LANGUAGE_STANDARD = gnu99;
				GCC_DYNAMIC_NO_PIC = NO;
				GCC_OPTIMIZATION_LEVEL = 0;
				GCC_PREPROCESSOR_DEFINITIONS = (
					"DEBUG=1",
					"$(inherited)",
				);
				GCC_SYMBOLS_PRIVATE_EXTERN = NO;
				GCC_WARN_64_TO_32_BIT_CONVERSION = YES;
				GCC_WARN_ABOUT_RETURN_TYPE = YES_ERROR;
				GCC_WARN_UNDECLARED_SELECTOR = YES;
				GCC_WARN_UNINITIALIZED_AUTOS = YES_AGGRESSIVE;
				GCC_WARN_UNUSED_FUNCTION = YES;
				GCC_WARN_UNUSED_VARIABLE = YES;
				IPHONEOS_DEPLOYMENT_TARGET = 8.0;
				MTL_ENABLE_DEBUG_INFO = YES;
				ONLY_ACTIVE_ARCH = YES;
				SDKROOT = iphoneos;
			};
			name = Debug;
		};
		1ABA705819F4415400FA5272 /* Release */ = {
			isa = XCBuildConfiguration;
			buildSettings = {
				ALWAYS_SEARCH_USER_PATHS = NO;
				CLANG_CXX_LANGUAGE_STANDARD = "gnu++0x";
				CLANG_CXX_LIBRARY = "libc++";
				CLANG_ENABLE_MODULES = YES;
				CLANG_ENABLE_OBJC_ARC = YES;
				CLANG_WARN_BOOL_CONVERSION = YES;
				CLANG_WARN_CONSTANT_CONVERSION = YES;
				CLANG_WARN_DIRECT_OBJC_ISA_USAGE = YES_ERROR;
				CLANG_WARN_EMPTY_BODY = YES;
				CLANG_WARN_ENUM_CONVERSION = YES;
				CLANG_WARN_INT_CONVERSION = YES;
				CLANG_WARN_OBJC_ROOT_CLASS = YES_ERROR;
				CLANG_WARN_UNREACHABLE_CODE = YES;
				CLANG_WARN__DUPLICATE_METHOD_MATCH = YES;
				"CODE_SIGN_IDENTITY[sdk=iphoneos*]" = "iPhone Developer";
				COPY_PHASE_STRIP = YES;
				ENABLE_NS_ASSERTIONS = NO;
				ENABLE_STRICT_OBJC_MSGSEND = YES;
				GCC_C_LANGUAGE_STANDARD = gnu99;
				GCC_WARN_64_TO_32_BIT_CONVERSION = YES;
				GCC_WARN_ABOUT_RETURN_TYPE = YES_ERROR;
				GCC_WARN_UNDECLARED_SELECTOR = YES;
				GCC_WARN_UNINITIALIZED_AUTOS = YES_AGGRESSIVE;
				GCC_WARN_UNUSED_FUNCTION = YES;
				GCC_WARN_UNUSED_VARIABLE = YES;
				IPHONEOS_DEPLOYMENT_TARGET = 8.0;
				MTL_ENABLE_DEBUG_INFO = NO;
				SDKROOT = iphoneos;
				VALIDATE_PRODUCT = YES;
			};
			name = Release;
		};
		1ABA705A19F4415400FA5272 /* Debug */ = {
			isa = XCBuildConfiguration;
			buildSettings = {
				ASSETCATALOG_COMPILER_APPICON_NAME = AppIcon;
				ASSETCATALOG_COMPILER_LAUNCHIMAGE_NAME = "LaunchImage-2";
				CODE_SIGN_IDENTITY = "iPhone Developer";
				FRAMEWORK_SEARCH_PATHS = (
					"$(inherited)",
					"$(PROJECT_DIR)/Grubhunt",
				);
				INFOPLIST_FILE = Grubhunt/Info.plist;
				IPHONEOS_DEPLOYMENT_TARGET = 7.1;
				LD_RUNPATH_SEARCH_PATHS = "$(inherited) @executable_path/Frameworks";
				PRODUCT_NAME = "$(TARGET_NAME)";
			};
			name = Debug;
		};
		1ABA705B19F4415400FA5272 /* Release */ = {
			isa = XCBuildConfiguration;
			buildSettings = {
				ASSETCATALOG_COMPILER_APPICON_NAME = AppIcon;
				ASSETCATALOG_COMPILER_LAUNCHIMAGE_NAME = "LaunchImage-2";
				CODE_SIGN_IDENTITY = "iPhone Developer";
				FRAMEWORK_SEARCH_PATHS = (
					"$(inherited)",
					"$(PROJECT_DIR)/Grubhunt",
				);
				INFOPLIST_FILE = Grubhunt/Info.plist;
				IPHONEOS_DEPLOYMENT_TARGET = 7.1;
				LD_RUNPATH_SEARCH_PATHS = "$(inherited) @executable_path/Frameworks";
				PRODUCT_NAME = "$(TARGET_NAME)";
			};
			name = Release;
		};
		1ABA705D19F4415400FA5272 /* Debug */ = {
			isa = XCBuildConfiguration;
			buildSettings = {
				BUNDLE_LOADER = "$(TEST_HOST)";
				FRAMEWORK_SEARCH_PATHS = (
					"$(SDKROOT)/Developer/Library/Frameworks",
					"$(inherited)",
				);
				GCC_PREPROCESSOR_DEFINITIONS = (
					"DEBUG=1",
					"$(inherited)",
				);
				INFOPLIST_FILE = GrubhuntTests/Info.plist;
				LD_RUNPATH_SEARCH_PATHS = "$(inherited) @executable_path/Frameworks @loader_path/Frameworks";
				PRODUCT_NAME = "$(TARGET_NAME)";
				TEST_HOST = "$(BUILT_PRODUCTS_DIR)/Grubhunt.app/Grubhunt";
			};
			name = Debug;
		};
		1ABA705E19F4415400FA5272 /* Release */ = {
			isa = XCBuildConfiguration;
			buildSettings = {
				BUNDLE_LOADER = "$(TEST_HOST)";
				FRAMEWORK_SEARCH_PATHS = (
					"$(SDKROOT)/Developer/Library/Frameworks",
					"$(inherited)",
				);
				INFOPLIST_FILE = GrubhuntTests/Info.plist;
				LD_RUNPATH_SEARCH_PATHS = "$(inherited) @executable_path/Frameworks @loader_path/Frameworks";
				PRODUCT_NAME = "$(TARGET_NAME)";
				TEST_HOST = "$(BUILT_PRODUCTS_DIR)/Grubhunt.app/Grubhunt";
			};
			name = Release;
		};
/* End XCBuildConfiguration section */

/* Begin XCConfigurationList section */
		1ABA702E19F4415300FA5272 /* Build configuration list for PBXProject "Grubhunt" */ = {
			isa = XCConfigurationList;
			buildConfigurations = (
				1ABA705719F4415400FA5272 /* Debug */,
				1ABA705819F4415400FA5272 /* Release */,
			);
			defaultConfigurationIsVisible = 0;
			defaultConfigurationName = Release;
		};
		1ABA705919F4415400FA5272 /* Build configuration list for PBXNativeTarget "Grubhunt" */ = {
			isa = XCConfigurationList;
			buildConfigurations = (
				1ABA705A19F4415400FA5272 /* Debug */,
				1ABA705B19F4415400FA5272 /* Release */,
			);
			defaultConfigurationIsVisible = 0;
			defaultConfigurationName = Release;
		};
		1ABA705C19F4415400FA5272 /* Build configuration list for PBXNativeTarget "GrubhuntTests" */ = {
			isa = XCConfigurationList;
			buildConfigurations = (
				1ABA705D19F4415400FA5272 /* Debug */,
				1ABA705E19F4415400FA5272 /* Release */,
			);
			defaultConfigurationIsVisible = 0;
			defaultConfigurationName = Release;
		};
/* End XCConfigurationList section */
	};
	rootObject = 1ABA702B19F4415300FA5272 /* Project object */;
}
